{
  "requires": true,
  "lockfileVersion": 1,
  "dependencies": {
    "@angular/animations": {
      "version": "8.2.8",
      "resolved": "https://registry.npmjs.org/@angular/animations/-/animations-8.2.8.tgz",
      "integrity": "sha512-Ye4umCQ82PbzbslqgxgI2Dhhg5VEEbDCgHbMx8x/gPEBkW5VED0CLxQknNtqNk1DPHZ656gdhOP9iygRGajFxA==",
      "requires": {
        "tslib": "^1.9.0"
      }
    },
    "@angular/common": {
      "version": "8.2.8",
      "resolved": "https://registry.npmjs.org/@angular/common/-/common-8.2.8.tgz",
      "integrity": "sha512-kfwf/NBWrHCusOb9JKlkAURlbeOSy3wfr2Hhj2SanudTbNpR1aInnwNYl1ZOHKSVHHvZOrpm2iuUEhDdN5DQgg==",
      "requires": {
        "tslib": "^1.9.0"
      }
    },
    "@angular/compiler": {
      "version": "8.2.8",
      "resolved": "https://registry.npmjs.org/@angular/compiler/-/compiler-8.2.8.tgz",
      "integrity": "sha512-+cSkx7Gd5srOUtj0VYVxM06LGqzZI4QPmkuu350+PLxbJke8o9bJBplCBYqf4E9riCrYLSsCFXcAQrTOL0mdtA==",
      "requires": {
        "tslib": "^1.9.0"
      }
    },
    "@angular/core": {
      "version": "8.2.8",
      "resolved": "https://registry.npmjs.org/@angular/core/-/core-8.2.8.tgz",
      "integrity": "sha512-LlHgqlDCt+vO/B6LBZtDfSrzTqaB5w/gp3ZWUVrPjeY5GDky6P0ZSVTnRL/uUi49wBFJehMaNoGEoORqnQBOLA==",
      "requires": {
        "tslib": "^1.9.0"
      }
    },
    "@angular/forms": {
      "version": "8.2.8",
      "resolved": "https://registry.npmjs.org/@angular/forms/-/forms-8.2.8.tgz",
      "integrity": "sha512-m7pHD8rv7koUCkSr+NannjzuN+fqAn2QSWEz77OciUV4weRafN0woqgazGvyw2s/f7yUYREqqUHH3WD1wsm34g==",
      "requires": {
        "tslib": "^1.9.0"
      }
    },
    "@angular/platform-browser": {
      "version": "8.2.8",
      "resolved": "https://registry.npmjs.org/@angular/platform-browser/-/platform-browser-8.2.8.tgz",
      "integrity": "sha512-BeKRlysfBuLar8q98soHdy/SK9lOocwWJtwnyjzun/Gl9RrWYl1SkiBrGvnY9NUdt5LxpdJcBQBfNk0yET45QQ==",
      "requires": {
        "tslib": "^1.9.0"
      }
    },
    "@angular/platform-browser-dynamic": {
      "version": "8.2.8",
      "resolved": "https://registry.npmjs.org/@angular/platform-browser-dynamic/-/platform-browser-dynamic-8.2.8.tgz",
      "integrity": "sha512-ytFRw5CVupIqg0tQPjTY7Qj3Ablvhoq5ilUEbHXmf+/3ce8e4eLQetmu5Oc8XeL3MQRByYPeFlMmAyReFauJnA==",
      "requires": {
        "tslib": "^1.9.0"
      }
    },
    "@angular/router": {
      "version": "8.2.8",
      "resolved": "https://registry.npmjs.org/@angular/router/-/router-8.2.8.tgz",
      "integrity": "sha512-61ypQFV5UGPlpD09Dwr39YAYvAUkEQTDBXay69HaNRpyuzGyOJoygTuF06908uGmEOpFtZaxI+DH7OVdhD9ecA==",
      "requires": {
        "tslib": "^1.9.0"
      }
    },
    "loanapp": {
      "version": "file:loanapp",
      "requires": {
        "@angular/animations": "~8.2.7",
        "@angular/common": "~8.2.7",
        "@angular/compiler": "~8.2.7",
        "@angular/core": "~8.2.7",
        "@angular/forms": "~8.2.7",
        "@angular/platform-browser": "~8.2.7",
        "@angular/platform-browser-dynamic": "~8.2.7",
        "@angular/router": "~8.2.7",
        "rxjs": "~6.4.0",
        "tslib": "^1.10.0",
        "zone.js": "~0.9.1"
      }
    },
    "rxjs": {
      "version": "6.4.0",
      "resolved": "https://registry.npmjs.org/rxjs/-/rxjs-6.4.0.tgz",
      "integrity": "sha512-Z9Yfa11F6B9Sg/BK9MnqnQ+aQYicPLtilXBp2yUtDt2JRCE0h26d33EnfO3ZxoNxG0T92OUucP3Ct7cpfkdFfw==",
      "requires": {
        "tslib": "^1.9.0"
      }
    },
    "tslib": {
      "version": "1.10.0",
      "resolved": "https://registry.npmjs.org/tslib/-/tslib-1.10.0.tgz",
      "integrity": "sha512-qOebF53frne81cf0S9B41ByenJ3/IuH8yJKngAX35CmiZySA0khhkovshKK+jGCaMnVomla7gVlIcc3EvKPbTQ=="
    },
    "zone.js": {
      "version": "0.9.1",
      "resolved": "https://registry.npmjs.org/zone.js/-/zone.js-0.9.1.tgz",
      "integrity": "sha512-GkPiJL8jifSrKReKaTZ5jkhrMEgXbXYC+IPo1iquBjayRa0q86w3Dipjn8b415jpitMExe9lV8iTsv8tk3DGag=="
    }
  }
}
